{
  "originHash" : "cadc6deae883dd366a6ca144146b19c8e74cc253cf8bfe0627e8ad59999b01e3",
  "pins" : [
    {
      "identity" : "fit-objective-c-sdk",
      "kind" : "remoteSourceControl",
      "location" : "https://github.com/garmin/fit-objective-c-sdk.git",
      "state" : {
        "revision" : "952b80da5b8c64c37d06afd74afbd426ac14368f",
        "version" : "21.171.0"
      }
    },
    {
      "identity" : "yams",
      "kind" : "remoteSourceControl",
      "location" : "https://github.com/jpsim/Yams.git",
      "state" : {
        "revision" : "51b5127c7fb6ffac106ad6d199aaa33c5024895f",
        "version" : "6.2.0"
      }
    }
  ],
  "version" : 3
}
